
Microsoft Visual Studio Solution File, Format Version 12.00
# Visual Studio Version 17
VisualStudioVersion = 17.8.34330.188
MinimumVisualStudioVersion = 10.0.40219.1
Project("{FAE04EC0-301F-11D3-BF4B-00C04F79EFBC}") = "E-Commerce.API", "E-Commerce.API\E-Commerce.API.csproj", "{700B98E2-5582-41B2-BCCE-288DBA13B17C}"
EndProject
Project("{2150E333-8FDC-42A3-9474-1A3956D46DE8}") = "Core", "Core", "{170B3794-1B34-43F6-984E-C4C3C3819899}"
EndProject
Project("{FAE04EC0-301F-11D3-BF4B-00C04F79EFBC}") = "Domain", "Core\Domin\Domain.csproj", "{E7DE5513-D877-44D1-859A-B22AACF7EB50}"
EndProject
Project("{FAE04EC0-301F-11D3-BF4B-00C04F79EFBC}") = "Service", "Core\Service\Service.csproj", "{C8FD2462-4A4B-406C-A397-ADB039CC812D}"
EndProject
Project("{FAE04EC0-301F-11D3-BF4B-00C04F79EFBC}") = "Service.Abstraction", "Core\Service.Abstraction\Service.Abstraction.csproj", "{9B236155-86A8-42E4-B332-D8F0A4972F0C}"
EndProject
Project("{2150E333-8FDC-42A3-9474-1A3956D46DE8}") = "Ifrastructure", "Ifrastructure", "{8481D101-E9D3-4BEF-9912-BD58EB1ADC05}"
EndProject
Project("{FAE04EC0-301F-11D3-BF4B-00C04F79EFBC}") = "Persistence", "Infrastructure\Persistence\Persistence.csproj", "{E2C524D7-2D8D-4670-93BD-21D293B415FB}"
EndProject
Project("{FAE04EC0-301F-11D3-BF4B-00C04F79EFBC}") = "Presentation", "Infrastructure\Presentation\Presentation.csproj", "{F26048FD-DE56-4A94-B963-49BE4FCEEAE0}"
EndProject
Project("{2150E333-8FDC-42A3-9474-1A3956D46DE8}") = "Shared", "Shared", "{6BD814C7-191D-4D45-9B10-30EC2FBD3525}"
EndProject
Project("{FAE04EC0-301F-11D3-BF4B-00C04F79EFBC}") = "Shared", "Shared\Shared.csproj", "{EFB1A8BE-2462-4724-B3E4-5BD8E86E59E0}"
EndProject
Global
	GlobalSection(SolutionConfigurationPlatforms) = preSolution
		Debug|Any CPU = Debug|Any CPU
		Release|Any CPU = Release|Any CPU
	EndGlobalSection
	GlobalSection(ProjectConfigurationPlatforms) = postSolution
		{700B98E2-5582-41B2-BCCE-288DBA13B17C}.Debug|Any CPU.ActiveCfg = Debug|Any CPU
		{700B98E2-5582-41B2-BCCE-288DBA13B17C}.Debug|Any CPU.Build.0 = Debug|Any CPU
		{700B98E2-5582-41B2-BCCE-288DBA13B17C}.Release|Any CPU.ActiveCfg = Release|Any CPU
		{700B98E2-5582-41B2-BCCE-288DBA13B17C}.Release|Any CPU.Build.0 = Release|Any CPU
		{E7DE5513-D877-44D1-859A-B22AACF7EB50}.Debug|Any CPU.ActiveCfg = Debug|Any CPU
		{E7DE5513-D877-44D1-859A-B22AACF7EB50}.Debug|Any CPU.Build.0 = Debug|Any CPU
		{E7DE5513-D877-44D1-859A-B22AACF7EB50}.Release|Any CPU.ActiveCfg = Release|Any CPU
		{E7DE5513-D877-44D1-859A-B22AACF7EB50}.Release|Any CPU.Build.0 = Release|Any CPU
		{C8FD2462-4A4B-406C-A397-ADB039CC812D}.Debug|Any CPU.ActiveCfg = Debug|Any CPU
		{C8FD2462-4A4B-406C-A397-ADB039CC812D}.Debug|Any CPU.Build.0 = Debug|Any CPU
		{C8FD2462-4A4B-406C-A397-ADB039CC812D}.Release|Any CPU.ActiveCfg = Release|Any CPU
		{C8FD2462-4A4B-406C-A397-ADB039CC812D}.Release|Any CPU.Build.0 = Release|Any CPU
		{9B236155-86A8-42E4-B332-D8F0A4972F0C}.Debug|Any CPU.ActiveCfg = Debug|Any CPU
		{9B236155-86A8-42E4-B332-D8F0A4972F0C}.Debug|Any CPU.Build.0 = Debug|Any CPU
		{9B236155-86A8-42E4-B332-D8F0A4972F0C}.Release|Any CPU.ActiveCfg = Release|Any CPU
		{9B236155-86A8-42E4-B332-D8F0A4972F0C}.Release|Any CPU.Build.0 = Release|Any CPU
		{E2C524D7-2D8D-4670-93BD-21D293B415FB}.Debug|Any CPU.ActiveCfg = Debug|Any CPU
		{E2C524D7-2D8D-4670-93BD-21D293B415FB}.Debug|Any CPU.Build.0 = Debug|Any CPU
		{E2C524D7-2D8D-4670-93BD-21D293B415FB}.Release|Any CPU.ActiveCfg = Release|Any CPU
		{E2C524D7-2D8D-4670-93BD-21D293B415FB}.Release|Any CPU.Build.0 = Release|Any CPU
		{F26048FD-DE56-4A94-B963-49BE4FCEEAE0}.Debug|Any CPU.ActiveCfg = Debug|Any CPU
		{F26048FD-DE56-4A94-B963-49BE4FCEEAE0}.Debug|Any CPU.Build.0 = Debug|Any CPU
		{F26048FD-DE56-4A94-B963-49BE4FCEEAE0}.Release|Any CPU.ActiveCfg = Release|Any CPU
		{F26048FD-DE56-4A94-B963-49BE4FCEEAE0}.Release|Any CPU.Build.0 = Release|Any CPU
		{EFB1A8BE-2462-4724-B3E4-5BD8E86E59E0}.Debug|Any CPU.ActiveCfg = Debug|Any CPU
		{EFB1A8BE-2462-4724-B3E4-5BD8E86E59E0}.Debug|Any CPU.Build.0 = Debug|Any CPU
		{EFB1A8BE-2462-4724-B3E4-5BD8E86E59E0}.Release|Any CPU.ActiveCfg = Release|Any CPU
		{EFB1A8BE-2462-4724-B3E4-5BD8E86E59E0}.Release|Any CPU.Build.0 = Release|Any CPU
	EndGlobalSection
	GlobalSection(SolutionProperties) = preSolution
		HideSolutionNode = FALSE
	EndGlobalSection
	GlobalSection(NestedProjects) = preSolution
		{E7DE5513-D877-44D1-859A-B22AACF7EB50} = {170B3794-1B34-43F6-984E-C4C3C3819899}
		{C8FD2462-4A4B-406C-A397-ADB039CC812D} = {170B3794-1B34-43F6-984E-C4C3C3819899}
		{9B236155-86A8-42E4-B332-D8F0A4972F0C} = {170B3794-1B34-43F6-984E-C4C3C3819899}
		{E2C524D7-2D8D-4670-93BD-21D293B415FB} = {8481D101-E9D3-4BEF-9912-BD58EB1ADC05}
		{F26048FD-DE56-4A94-B963-49BE4FCEEAE0} = {8481D101-E9D3-4BEF-9912-BD58EB1ADC05}
		{EFB1A8BE-2462-4724-B3E4-5BD8E86E59E0} = {6BD814C7-191D-4D45-9B10-30EC2FBD3525}
	EndGlobalSection
	GlobalSection(ExtensibilityGlobals) = postSolution
		SolutionGuid = {EF076CDD-1F9C-46B1-BEB9-79019E1F6847}
	EndGlobalSection
EndGlobal
